// !$*UTF8*$!
{
	archiveVersion = 1;
	classes = {
	};
	objectVersion = 51;
	objects = {

/* Begin PBXBuildFile section */
		038751C4FAD1ADAAF98A088B /* Pods_Tudu_UITests.framework in Frameworks */ = {isa = PBXBuildFile; fileRef = 5FAAC2CAA464D60F074B40DD /* Pods_Tudu_UITests.framework */; };
		AAED5723035B71E8206C30D3 /* Pods_Tudu_UI_Tudu_UIUITests.framework in Frameworks */ = {isa = PBXBuildFile; fileRef = BDC461B34B44C1339C87447C /* Pods_Tudu_UI_Tudu_UIUITests.framework */; };
		C935A81CF8FF3202217534A1 /* Pods_Tudu_UI.framework in Frameworks */ = {isa = PBXBuildFile; fileRef = 363261B39B90B47F80F87A67 /* Pods_Tudu_UI.framework */; };
		DC4628CF27C15323006EFAB1 /* buttonXib.xib in Resources */ = {isa = PBXBuildFile; fileRef = DC4628CE27C15323006EFAB1 /* buttonXib.xib */; };
		DC4628D427C15338006EFAB1 /* buttonXib.swift in Sources */ = {isa = PBXBuildFile; fileRef = DC4628D327C15338006EFAB1 /* buttonXib.swift */; };
		DC4628DE27C15ACA006EFAB1 /* BtnCreate.xib in Resources */ = {isa = PBXBuildFile; fileRef = DC4628DD27C15ACA006EFAB1 /* BtnCreate.xib */; };
		DC4628E327C15ADD006EFAB1 /* BtnCreate.swift in Sources */ = {isa = PBXBuildFile; fileRef = DC4628E227C15ADD006EFAB1 /* BtnCreate.swift */; };
		DC4628E927C1677B006EFAB1 /* BtnGoogle.swift in Sources */ = {isa = PBXBuildFile; fileRef = DC4628E827C1677B006EFAB1 /* BtnGoogle.swift */; };
		DC4628F127C16788006EFAB1 /* BtnGoogle.xib in Resources */ = {isa = PBXBuildFile; fileRef = DC4628F027C16788006EFAB1 /* BtnGoogle.xib */; };
		DC82B50927C0CE2700EDAEA0 /* AppDelegate.swift in Sources */ = {isa = PBXBuildFile; fileRef = DC82B50827C0CE2700EDAEA0 /* AppDelegate.swift */; };
		DC82B50B27C0CE2700EDAEA0 /* SceneDelegate.swift in Sources */ = {isa = PBXBuildFile; fileRef = DC82B50A27C0CE2700EDAEA0 /* SceneDelegate.swift */; };
		DC82B50D27C0CE2700EDAEA0 /* ViewController.swift in Sources */ = {isa = PBXBuildFile; fileRef = DC82B50C27C0CE2700EDAEA0 /* ViewController.swift */; };
		DC82B51027C0CE2700EDAEA0 /* Main.storyboard in Resources */ = {isa = PBXBuildFile; fileRef = DC82B50E27C0CE2700EDAEA0 /* Main.storyboard */; };
		DC82B51327C0CE2700EDAEA0 /* Tudu_UI.xcdatamodeld in Sources */ = {isa = PBXBuildFile; fileRef = DC82B51127C0CE2700EDAEA0 /* Tudu_UI.xcdatamodeld */; };
		DC82B51527C0CE2A00EDAEA0 /* Assets.xcassets in Resources */ = {isa = PBXBuildFile; fileRef = DC82B51427C0CE2A00EDAEA0 /* Assets.xcassets */; };
		DC82B51827C0CE2A00EDAEA0 /* LaunchScreen.storyboard in Resources */ = {isa = PBXBuildFile; fileRef = DC82B51627C0CE2A00EDAEA0 /* LaunchScreen.storyboard */; };
		DC82B52327C0CE2A00EDAEA0 /* Tudu_UITests.swift in Sources */ = {isa = PBXBuildFile; fileRef = DC82B52227C0CE2A00EDAEA0 /* Tudu_UITests.swift */; };
		DC82B52E27C0CE2A00EDAEA0 /* Tudu_UIUITests.swift in Sources */ = {isa = PBXBuildFile; fileRef = DC82B52D27C0CE2A00EDAEA0 /* Tudu_UIUITests.swift */; };
		DC8C0B0E27D0684A0077D403 /* TextField.xib in Resources */ = {isa = PBXBuildFile; fileRef = DC8C0B0D27D0684A0077D403 /* TextField.xib */; };
		DC8C0B1327D0686B0077D403 /* TextField.swift in Sources */ = {isa = PBXBuildFile; fileRef = DC8C0B1227D0686A0077D403 /* TextField.swift */; };
		DCCA1A7727CCAC87001A1B12 /* GoogleService-Info.plist in Resources */ = {isa = PBXBuildFile; fileRef = DCCA1A7627CCAC87001A1B12 /* GoogleService-Info.plist */; };
		DCCA1A9127CDC9A8001A1B12 /* HomeViewController.swift in Sources */ = {isa = PBXBuildFile; fileRef = DCCA1A9027CDC9A8001A1B12 /* HomeViewController.swift */; };
		DCCA1A9627CDF05D001A1B12 /* RegisterViewController.swift in Sources */ = {isa = PBXBuildFile; fileRef = DCCA1A9527CDF05D001A1B12 /* RegisterViewController.swift */; };
/* End PBXBuildFile section */

/* Begin PBXContainerItemProxy section */
		DC82B51F27C0CE2A00EDAEA0 /* PBXContainerItemProxy */ = {
			isa = PBXContainerItemProxy;
			containerPortal = DC82B4FD27C0CE2600EDAEA0 /* Project object */;
			proxyType = 1;
			remoteGlobalIDString = DC82B50427C0CE2600EDAEA0;
			remoteInfo = Tudu_UI;
		};
		DC82B52A27C0CE2A00EDAEA0 /* PBXContainerItemProxy */ = {
			isa = PBXContainerItemProxy;
			containerPortal = DC82B4FD27C0CE2600EDAEA0 /* Project object */;
			proxyType = 1;
			remoteGlobalIDString = DC82B50427C0CE2600EDAEA0;
			remoteInfo = Tudu_UI;
		};
/* End PBXContainerItemProxy section */

/* Begin PBXFileReference section */
		363261B39B90B47F80F87A67 /* Pods_Tudu_UI.framework */ = {isa = PBXFileReference; explicitFileType = wrapper.framework; includeInIndex = 0; path = Pods_Tudu_UI.framework; sourceTree = BUILT_PRODUCTS_DIR; };
		5FAAC2CAA464D60F074B40DD /* Pods_Tudu_UITests.framework */ = {isa = PBXFileReference; explicitFileType = wrapper.framework; includeInIndex = 0; path = Pods_Tudu_UITests.framework; sourceTree = BUILT_PRODUCTS_DIR; };
		AC88B47EE7D98B03B19546D3 /* Pods-Tudu_UITests.debug.xcconfig */ = {isa = PBXFileReference; includeInIndex = 1; lastKnownFileType = text.xcconfig; name = "Pods-Tudu_UITests.debug.xcconfig"; path = "Target Support Files/Pods-Tudu_UITests/Pods-Tudu_UITests.debug.xcconfig"; sourceTree = "<group>"; };
		BDC461B34B44C1339C87447C /* Pods_Tudu_UI_Tudu_UIUITests.framework */ = {isa = PBXFileReference; explicitFileType = wrapper.framework; includeInIndex = 0; path = Pods_Tudu_UI_Tudu_UIUITests.framework; sourceTree = BUILT_PRODUCTS_DIR; };
		CC81950C665C6592CCF6251A /* Pods-Tudu_UI-Tudu_UIUITests.release.xcconfig */ = {isa = PBXFileReference; includeInIndex = 1; lastKnownFileType = text.xcconfig; name = "Pods-Tudu_UI-Tudu_UIUITests.release.xcconfig"; path = "Target Support Files/Pods-Tudu_UI-Tudu_UIUITests/Pods-Tudu_UI-Tudu_UIUITests.release.xcconfig"; sourceTree = "<group>"; };
		DC4628CE27C15323006EFAB1 /* buttonXib.xib */ = {isa = PBXFileReference; lastKnownFileType = file.xib; path = buttonXib.xib; sourceTree = "<group>"; };
		DC4628D327C15338006EFAB1 /* buttonXib.swift */ = {isa = PBXFileReference; lastKnownFileType = sourcecode.swift; path = buttonXib.swift; sourceTree = "<group>"; };
		DC4628DD27C15ACA006EFAB1 /* BtnCreate.xib */ = {isa = PBXFileReference; lastKnownFileType = file.xib; path = BtnCreate.xib; sourceTree = "<group>"; };
		DC4628E227C15ADD006EFAB1 /* BtnCreate.swift */ = {isa = PBXFileReference; lastKnownFileType = sourcecode.swift; path = BtnCreate.swift; sourceTree = "<group>"; };
		DC4628E827C1677B006EFAB1 /* BtnGoogle.swift */ = {isa = PBXFileReference; lastKnownFileType = sourcecode.swift; path = BtnGoogle.swift; sourceTree = "<group>"; };
		DC4628F027C16788006EFAB1 /* BtnGoogle.xib */ = {isa = PBXFileReference; lastKnownFileType = file.xib; path = BtnGoogle.xib; sourceTree = "<group>"; };
		DC82B50527C0CE2600EDAEA0 /* Tudu_UI.app */ = {isa = PBXFileReference; explicitFileType = wrapper.application; includeInIndex = 0; path = Tudu_UI.app; sourceTree = BUILT_PRODUCTS_DIR; };
		DC82B50827C0CE2700EDAEA0 /* AppDelegate.swift */ = {isa = PBXFileReference; lastKnownFileType = sourcecode.swift; path = AppDelegate.swift; sourceTree = "<group>"; };
		DC82B50A27C0CE2700EDAEA0 /* SceneDelegate.swift */ = {isa = PBXFileReference; lastKnownFileType = sourcecode.swift; path = SceneDelegate.swift; sourceTree = "<group>"; };
		DC82B50C27C0CE2700EDAEA0 /* ViewController.swift */ = {isa = PBXFileReference; lastKnownFileType = sourcecode.swift; path = ViewController.swift; sourceTree = "<group>"; };
		DC82B50F27C0CE2700EDAEA0 /* Base */ = {isa = PBXFileReference; lastKnownFileType = file.storyboard; name = Base; path = Base.lproj/Main.storyboard; sourceTree = "<group>"; };
		DC82B51227C0CE2700EDAEA0 /* Tudu_UI.xcdatamodel */ = {isa = PBXFileReference; lastKnownFileType = wrapper.xcdatamodel; path = Tudu_UI.xcdatamodel; sourceTree = "<group>"; };
		DC82B51427C0CE2A00EDAEA0 /* Assets.xcassets */ = {isa = PBXFileReference; lastKnownFileType = folder.assetcatalog; path = Assets.xcassets; sourceTree = "<group>"; };
		DC82B51727C0CE2A00EDAEA0 /* Base */ = {isa = PBXFileReference; lastKnownFileType = file.storyboard; name = Base; path = Base.lproj/LaunchScreen.storyboard; sourceTree = "<group>"; };
		DC82B51927C0CE2A00EDAEA0 /* Info.plist */ = {isa = PBXFileReference; lastKnownFileType = text.plist.xml; path = Info.plist; sourceTree = "<group>"; };
		DC82B51E27C0CE2A00EDAEA0 /* Tudu_UITests.xctest */ = {isa = PBXFileReference; explicitFileType = wrapper.cfbundle; includeInIndex = 0; path = Tudu_UITests.xctest; sourceTree = BUILT_PRODUCTS_DIR; };
		DC82B52227C0CE2A00EDAEA0 /* Tudu_UITests.swift */ = {isa = PBXFileReference; lastKnownFileType = sourcecode.swift; path = Tudu_UITests.swift; sourceTree = "<group>"; };
		DC82B52427C0CE2A00EDAEA0 /* Info.plist */ = {isa = PBXFileReference; lastKnownFileType = text.plist.xml; path = Info.plist; sourceTree = "<group>"; };
		DC82B52927C0CE2A00EDAEA0 /* Tudu_UIUITests.xctest */ = {isa = PBXFileReference; explicitFileType = wrapper.cfbundle; includeInIndex = 0; path = Tudu_UIUITests.xctest; sourceTree = BUILT_PRODUCTS_DIR; };
		DC82B52D27C0CE2A00EDAEA0 /* Tudu_UIUITests.swift */ = {isa = PBXFileReference; lastKnownFileType = sourcecode.swift; path = Tudu_UIUITests.swift; sourceTree = "<group>"; };
		DC82B52F27C0CE2A00EDAEA0 /* Info.plist */ = {isa = PBXFileReference; lastKnownFileType = text.plist.xml; path = Info.plist; sourceTree = "<group>"; };
		DC8C0B0D27D0684A0077D403 /* TextField.xib */ = {isa = PBXFileReference; lastKnownFileType = file.xib; path = TextField.xib; sourceTree = "<group>"; };
		DC8C0B1227D0686A0077D403 /* TextField.swift */ = {isa = PBXFileReference; lastKnownFileType = sourcecode.swift; path = TextField.swift; sourceTree = "<group>"; };
		DCCA1A7627CCAC87001A1B12 /* GoogleService-Info.plist */ = {isa = PBXFileReference; fileEncoding = 4; lastKnownFileType = text.plist.xml; path = "GoogleService-Info.plist"; sourceTree = "<group>"; };
		DCCA1A9027CDC9A8001A1B12 /* HomeViewController.swift */ = {isa = PBXFileReference; lastKnownFileType = sourcecode.swift; path = HomeViewController.swift; sourceTree = "<group>"; };
		DCCA1A9527CDF05D001A1B12 /* RegisterViewController.swift */ = {isa = PBXFileReference; lastKnownFileType = sourcecode.swift; path = RegisterViewController.swift; sourceTree = "<group>"; };
		EE2F5E8B0970D920886C1671 /* Pods-Tudu_UITests.release.xcconfig */ = {isa = PBXFileReference; includeInIndex = 1; lastKnownFileType = text.xcconfig; name = "Pods-Tudu_UITests.release.xcconfig"; path = "Target Support Files/Pods-Tudu_UITests/Pods-Tudu_UITests.release.xcconfig"; sourceTree = "<group>"; };
		EEAECFECC679F93C519751D6 /* Pods-Tudu_UI-Tudu_UIUITests.debug.xcconfig */ = {isa = PBXFileReference; includeInIndex = 1; lastKnownFileType = text.xcconfig; name = "Pods-Tudu_UI-Tudu_UIUITests.debug.xcconfig"; path = "Target Support Files/Pods-Tudu_UI-Tudu_UIUITests/Pods-Tudu_UI-Tudu_UIUITests.debug.xcconfig"; sourceTree = "<group>"; };
		FB359D37A3FA49A045E8D34C /* Pods-Tudu_UI.debug.xcconfig */ = {isa = PBXFileReference; includeInIndex = 1; lastKnownFileType = text.xcconfig; name = "Pods-Tudu_UI.debug.xcconfig"; path = "Target Support Files/Pods-Tudu_UI/Pods-Tudu_UI.debug.xcconfig"; sourceTree = "<group>"; };
		FEE0FC1DBFB5AF5C3B546C06 /* Pods-Tudu_UI.release.xcconfig */ = {isa = PBXFileReference; includeInIndex = 1; lastKnownFileType = text.xcconfig; name = "Pods-Tudu_UI.release.xcconfig"; path = "Target Support Files/Pods-Tudu_UI/Pods-Tudu_UI.release.xcconfig"; sourceTree = "<group>"; };
/* End PBXFileReference section */

/* Begin PBXFrameworksBuildPhase section */
		DC82B50227C0CE2600EDAEA0 /* Frameworks */ = {
			isa = PBXFrameworksBuildPhase;
			buildActionMask = 2147483647;
			files = (
				C935A81CF8FF3202217534A1 /* Pods_Tudu_UI.framework in Frameworks */,
			);
			runOnlyForDeploymentPostprocessing = 0;
		};
		DC82B51B27C0CE2A00EDAEA0 /* Frameworks */ = {
			isa = PBXFrameworksBuildPhase;
			buildActionMask = 2147483647;
			files = (
				038751C4FAD1ADAAF98A088B /* Pods_Tudu_UITests.framework in Frameworks */,
			);
			runOnlyForDeploymentPostprocessing = 0;
		};
		DC82B52627C0CE2A00EDAEA0 /* Frameworks */ = {
			isa = PBXFrameworksBuildPhase;
			buildActionMask = 2147483647;
			files = (
				AAED5723035B71E8206C30D3 /* Pods_Tudu_UI_Tudu_UIUITests.framework in Frameworks */,
			);
			runOnlyForDeploymentPostprocessing = 0;
		};
/* End PBXFrameworksBuildPhase section */

/* Begin PBXGroup section */
		1A4C9F0F9A9B25509049DA40 /* Pods */ = {
			isa = PBXGroup;
			children = (
				FB359D37A3FA49A045E8D34C /* Pods-Tudu_UI.debug.xcconfig */,
				FEE0FC1DBFB5AF5C3B546C06 /* Pods-Tudu_UI.release.xcconfig */,
				EEAECFECC679F93C519751D6 /* Pods-Tudu_UI-Tudu_UIUITests.debug.xcconfig */,
				CC81950C665C6592CCF6251A /* Pods-Tudu_UI-Tudu_UIUITests.release.xcconfig */,
				AC88B47EE7D98B03B19546D3 /* Pods-Tudu_UITests.debug.xcconfig */,
				EE2F5E8B0970D920886C1671 /* Pods-Tudu_UITests.release.xcconfig */,
			);
			path = Pods;
			sourceTree = "<group>";
		};
		413763F27580DADFCA7FCC3D /* Frameworks */ = {
			isa = PBXGroup;
			children = (
				363261B39B90B47F80F87A67 /* Pods_Tudu_UI.framework */,
				BDC461B34B44C1339C87447C /* Pods_Tudu_UI_Tudu_UIUITests.framework */,
				5FAAC2CAA464D60F074B40DD /* Pods_Tudu_UITests.framework */,
			);
			name = Frameworks;
			sourceTree = "<group>";
		};
		DC4628D827C1533E006EFAB1 /* ButtonXib */ = {
			isa = PBXGroup;
			children = (
				DC4628CE27C15323006EFAB1 /* buttonXib.xib */,
				DC4628D327C15338006EFAB1 /* buttonXib.swift */,
			);
			path = ButtonXib;
			sourceTree = "<group>";
		};
		DC4628DC27C15A95006EFAB1 /* ButtonCreate */ = {
			isa = PBXGroup;
			children = (
				DC4628DD27C15ACA006EFAB1 /* BtnCreate.xib */,
				DC4628E227C15ADD006EFAB1 /* BtnCreate.swift */,
			);
			path = ButtonCreate;
			sourceTree = "<group>";
		};
		DC4628E727C16764006EFAB1 /* ButtonGoogle */ = {
			isa = PBXGroup;
			children = (
				DC4628E827C1677B006EFAB1 /* BtnGoogle.swift */,
				DC4628F027C16788006EFAB1 /* BtnGoogle.xib */,
			);
			path = ButtonGoogle;
			sourceTree = "<group>";
		};
		DC82B4FC27C0CE2600EDAEA0 = {
			isa = PBXGroup;
			children = (
				DC82B50727C0CE2600EDAEA0 /* Tudu_UI */,
				DC82B52127C0CE2A00EDAEA0 /* Tudu_UITests */,
				DC82B52C27C0CE2A00EDAEA0 /* Tudu_UIUITests */,
				DC82B50627C0CE2600EDAEA0 /* Products */,
				1A4C9F0F9A9B25509049DA40 /* Pods */,
				413763F27580DADFCA7FCC3D /* Frameworks */,
			);
			sourceTree = "<group>";
		};
		DC82B50627C0CE2600EDAEA0 /* Products */ = {
			isa = PBXGroup;
			children = (
				DC82B50527C0CE2600EDAEA0 /* Tudu_UI.app */,
				DC82B51E27C0CE2A00EDAEA0 /* Tudu_UITests.xctest */,
				DC82B52927C0CE2A00EDAEA0 /* Tudu_UIUITests.xctest */,
			);
			name = Products;
			sourceTree = "<group>";
		};
		DC82B50727C0CE2600EDAEA0 /* Tudu_UI */ = {
			isa = PBXGroup;
			children = (
				DC8C0B0C27D0682F0077D403 /* TextFieldXIB */,
				DC4628E727C16764006EFAB1 /* ButtonGoogle */,
				DC4628DC27C15A95006EFAB1 /* ButtonCreate */,
				DC4628D827C1533E006EFAB1 /* ButtonXib */,
				DC82B50827C0CE2700EDAEA0 /* AppDelegate.swift */,
				DC82B50A27C0CE2700EDAEA0 /* SceneDelegate.swift */,
				DC82B50C27C0CE2700EDAEA0 /* ViewController.swift */,
				DC82B50E27C0CE2700EDAEA0 /* Main.storyboard */,
				DC82B51427C0CE2A00EDAEA0 /* Assets.xcassets */,
				DC82B51627C0CE2A00EDAEA0 /* LaunchScreen.storyboard */,
				DCCA1A7627CCAC87001A1B12 /* GoogleService-Info.plist */,
				DC82B51927C0CE2A00EDAEA0 /* Info.plist */,
				DC82B51127C0CE2700EDAEA0 /* Tudu_UI.xcdatamodeld */,
				DCCA1A9027CDC9A8001A1B12 /* HomeViewController.swift */,
				DCCA1A9527CDF05D001A1B12 /* RegisterViewController.swift */,
			);
			path = Tudu_UI;
			sourceTree = "<group>";
		};
		DC82B52127C0CE2A00EDAEA0 /* Tudu_UITests */ = {
			isa = PBXGroup;
			children = (
				DC82B52227C0CE2A00EDAEA0 /* Tudu_UITests.swift */,
				DC82B52427C0CE2A00EDAEA0 /* Info.plist */,
			);
			path = Tudu_UITests;
			sourceTree = "<group>";
		};
		DC82B52C27C0CE2A00EDAEA0 /* Tudu_UIUITests */ = {
			isa = PBXGroup;
			children = (
				DC82B52D27C0CE2A00EDAEA0 /* Tudu_UIUITests.swift */,
				DC82B52F27C0CE2A00EDAEA0 /* Info.plist */,
			);
			path = Tudu_UIUITests;
			sourceTree = "<group>";
		};
		DC8C0B0C27D0682F0077D403 /* TextFieldXIB */ = {
			isa = PBXGroup;
			children = (
				DC8C0B0D27D0684A0077D403 /* TextField.xib */,
				DC8C0B1227D0686A0077D403 /* TextField.swift */,
			);
			path = TextFieldXIB;
			sourceTree = "<group>";
		};
/* End PBXGroup section */

/* Begin PBXNativeTarget section */
		DC82B50427C0CE2600EDAEA0 /* Tudu_UI */ = {
			isa = PBXNativeTarget;
			buildConfigurationList = DC82B53227C0CE2A00EDAEA0 /* Build configuration list for PBXNativeTarget "Tudu_UI" */;
			buildPhases = (
				371FD31525F890C2EB3B0D05 /* [CP] Check Pods Manifest.lock */,
				DC82B50127C0CE2600EDAEA0 /* Sources */,
				DC82B50227C0CE2600EDAEA0 /* Frameworks */,
				DC82B50327C0CE2600EDAEA0 /* Resources */,
				F942785BCCF62B4FAFADA269 /* [CP] Embed Pods Frameworks */,
				814736C920EB210963033C9D /* [CP] Copy Pods Resources */,
			);
			buildRules = (
			);
			dependencies = (
			);
			name = Tudu_UI;
			productName = Tudu_UI;
			productReference = DC82B50527C0CE2600EDAEA0 /* Tudu_UI.app */;
			productType = "com.apple.product-type.application";
		};
		DC82B51D27C0CE2A00EDAEA0 /* Tudu_UITests */ = {
			isa = PBXNativeTarget;
			buildConfigurationList = DC82B53527C0CE2A00EDAEA0 /* Build configuration list for PBXNativeTarget "Tudu_UITests" */;
			buildPhases = (
				48A184835E8BB8FB3BA28649 /* [CP] Check Pods Manifest.lock */,
				DC82B51A27C0CE2A00EDAEA0 /* Sources */,
				DC82B51B27C0CE2A00EDAEA0 /* Frameworks */,
				DC82B51C27C0CE2A00EDAEA0 /* Resources */,
			);
			buildRules = (
			);
			dependencies = (
				DC82B52027C0CE2A00EDAEA0 /* PBXTargetDependency */,
			);
			name = Tudu_UITests;
			productName = Tudu_UITests;
			productReference = DC82B51E27C0CE2A00EDAEA0 /* Tudu_UITests.xctest */;
			productType = "com.apple.product-type.bundle.unit-test";
		};
		DC82B52827C0CE2A00EDAEA0 /* Tudu_UIUITests */ = {
			isa = PBXNativeTarget;
			buildConfigurationList = DC82B53827C0CE2A00EDAEA0 /* Build configuration list for PBXNativeTarget "Tudu_UIUITests" */;
			buildPhases = (
				05CCDFDC4EDF9A8FCF18E4A5 /* [CP] Check Pods Manifest.lock */,
				DC82B52527C0CE2A00EDAEA0 /* Sources */,
				DC82B52627C0CE2A00EDAEA0 /* Frameworks */,
				DC82B52727C0CE2A00EDAEA0 /* Resources */,
				960DBE9A16D113996C23760B /* [CP] Embed Pods Frameworks */,
				432113976431ECCA8EFFC92A /* [CP] Copy Pods Resources */,
			);
			buildRules = (
			);
			dependencies = (
				DC82B52B27C0CE2A00EDAEA0 /* PBXTargetDependency */,
			);
			name = Tudu_UIUITests;
			productName = Tudu_UIUITests;
			productReference = DC82B52927C0CE2A00EDAEA0 /* Tudu_UIUITests.xctest */;
			productType = "com.apple.product-type.bundle.ui-testing";
		};
/* End PBXNativeTarget section */

/* Begin PBXProject section */
		DC82B4FD27C0CE2600EDAEA0 /* Project object */ = {
			isa = PBXProject;
			attributes = {
				LastSwiftUpdateCheck = 1240;
				LastUpgradeCheck = 1240;
				TargetAttributes = {
					DC82B50427C0CE2600EDAEA0 = {
						CreatedOnToolsVersion = 12.4;
					};
					DC82B51D27C0CE2A00EDAEA0 = {
						CreatedOnToolsVersion = 12.4;
						TestTargetID = DC82B50427C0CE2600EDAEA0;
					};
					DC82B52827C0CE2A00EDAEA0 = {
						CreatedOnToolsVersion = 12.4;
						TestTargetID = DC82B50427C0CE2600EDAEA0;
					};
				};
			};
			buildConfigurationList = DC82B50027C0CE2600EDAEA0 /* Build configuration list for PBXProject "Tudu_UI" */;
			compatibilityVersion = "Xcode 9.3";
			developmentRegion = en;
			hasScannedForEncodings = 0;
			knownRegions = (
				en,
				Base,
			);
			mainGroup = DC82B4FC27C0CE2600EDAEA0;
			productRefGroup = DC82B50627C0CE2600EDAEA0 /* Products */;
			projectDirPath = "";
			projectRoot = "";
			targets = (
				DC82B50427C0CE2600EDAEA0 /* Tudu_UI */,
				DC82B51D27C0CE2A00EDAEA0 /* Tudu_UITests */,
				DC82B52827C0CE2A00EDAEA0 /* Tudu_UIUITests */,
			);
		};
/* End PBXProject section */

/* Begin PBXResourcesBuildPhase section */
		DC82B50327C0CE2600EDAEA0 /* Resources */ = {
			isa = PBXResourcesBuildPhase;
			buildActionMask = 2147483647;
			files = (
				DC82B51827C0CE2A00EDAEA0 /* LaunchScreen.storyboard in Resources */,
				DC4628CF27C15323006EFAB1 /* buttonXib.xib in Resources */,
				DC82B51527C0CE2A00EDAEA0 /* Assets.xcassets in Resources */,
				DC4628DE27C15ACA006EFAB1 /* BtnCreate.xib in Resources */,
				DC82B51027C0CE2700EDAEA0 /* Main.storyboard in Resources */,
				DC4628F127C16788006EFAB1 /* BtnGoogle.xib in Resources */,
				DCCA1A7727CCAC87001A1B12 /* GoogleService-Info.plist in Resources */,
				DC8C0B0E27D0684A0077D403 /* TextField.xib in Resources */,
			);
			runOnlyForDeploymentPostprocessing = 0;
		};
		DC82B51C27C0CE2A00EDAEA0 /* Resources */ = {
			isa = PBXResourcesBuildPhase;
			buildActionMask = 2147483647;
			files = (
			);
			runOnlyForDeploymentPostprocessing = 0;
		};
		DC82B52727C0CE2A00EDAEA0 /* Resources */ = {
			isa = PBXResourcesBuildPhase;
			buildActionMask = 2147483647;
			files = (
			);
			runOnlyForDeploymentPostprocessing = 0;
		};
/* End PBXResourcesBuildPhase section */

/* Begin PBXShellScriptBuildPhase section */
		05CCDFDC4EDF9A8FCF18E4A5 /* [CP] Check Pods Manifest.lock */ = {
			isa = PBXShellScriptBuildPhase;
			buildActionMask = 2147483647;
			files = (
			);
			inputFileListPaths = (
			);
			inputPaths = (
				"${PODS_PODFILE_DIR_PATH}/Podfile.lock",
				"${PODS_ROOT}/Manifest.lock",
			);
			name = "[CP] Check Pods Manifest.lock";
			outputFileListPaths = (
			);
			outputPaths = (
				"$(DERIVED_FILE_DIR)/Pods-Tudu_UI-Tudu_UIUITests-checkManifestLockResult.txt",
			);
			runOnlyForDeploymentPostprocessing = 0;
			shellPath = /bin/sh;
			shellScript = "diff \"${PODS_PODFILE_DIR_PATH}/Podfile.lock\" \"${PODS_ROOT}/Manifest.lock\" > /dev/null\nif [ $? != 0 ] ; then\n    # print error to STDERR\n    echo \"error: The sandbox is not in sync with the Podfile.lock. Run 'pod install' or update your CocoaPods installation.\" >&2\n    exit 1\nfi\n# This output is used by Xcode 'outputs' to avoid re-running this script phase.\necho \"SUCCESS\" > \"${SCRIPT_OUTPUT_FILE_0}\"\n";
			showEnvVarsInLog = 0;
		};
		371FD31525F890C2EB3B0D05 /* [CP] Check Pods Manifest.lock */ = {
			isa = PBXShellScriptBuildPhase;
			buildActionMask = 2147483647;
			files = (
			);
			inputFileListPaths = (
			);
			inputPaths = (
				"${PODS_PODFILE_DIR_PATH}/Podfile.lock",
				"${PODS_ROOT}/Manifest.lock",
			);
			name = "[CP] Check Pods Manifest.lock";
			outputFileListPaths = (
			);
			outputPaths = (
				"$(DERIVED_FILE_DIR)/Pods-Tudu_UI-checkManifestLockResult.txt",
			);
			runOnlyForDeploymentPostprocessing = 0;
			shellPath = /bin/sh;
			shellScript = "diff \"${PODS_PODFILE_DIR_PATH}/Podfile.lock\" \"${PODS_ROOT}/Manifest.lock\" > /dev/null\nif [ $? != 0 ] ; then\n    # print error to STDERR\n    echo \"error: The sandbox is not in sync with the Podfile.lock. Run 'pod install' or update your CocoaPods installation.\" >&2\n    exit 1\nfi\n# This output is used by Xcode 'outputs' to avoid re-running this script phase.\necho \"SUCCESS\" > \"${SCRIPT_OUTPUT_FILE_0}\"\n";
			showEnvVarsInLog = 0;
		};
		432113976431ECCA8EFFC92A /* [CP] Copy Pods Resources */ = {
			isa = PBXShellScriptBuildPhase;
			buildActionMask = 2147483647;
			files = (
			);
			inputFileListPaths = (
				"${PODS_ROOT}/Target Support Files/Pods-Tudu_UI-Tudu_UIUITests/Pods-Tudu_UI-Tudu_UIUITests-resources-${CONFIGURATION}-input-files.xcfilelist",
			);
			name = "[CP] Copy Pods Resources";
			outputFileListPaths = (
				"${PODS_ROOT}/Target Support Files/Pods-Tudu_UI-Tudu_UIUITests/Pods-Tudu_UI-Tudu_UIUITests-resources-${CONFIGURATION}-output-files.xcfilelist",
			);
			runOnlyForDeploymentPostprocessing = 0;
			shellPath = /bin/sh;
			shellScript = "\"${PODS_ROOT}/Target Support Files/Pods-Tudu_UI-Tudu_UIUITests/Pods-Tudu_UI-Tudu_UIUITests-resources.sh\"\n";
			showEnvVarsInLog = 0;
		};
		48A184835E8BB8FB3BA28649 /* [CP] Check Pods Manifest.lock */ = {
			isa = PBXShellScriptBuildPhase;
			buildActionMask = 2147483647;
			files = (
			);
			inputFileListPaths = (
			);
			inputPaths = (
				"${PODS_PODFILE_DIR_PATH}/Podfile.lock",
				"${PODS_ROOT}/Manifest.lock",
			);
			name = "[CP] Check Pods Manifest.lock";
			outputFileListPaths = (
			);
			outputPaths = (
				"$(DERIVED_FILE_DIR)/Pods-Tudu_UITests-checkManifestLockResult.txt",
			);
			runOnlyForDeploymentPostprocessing = 0;
			shellPath = /bin/sh;
			shellScript = "diff \"${PODS_PODFILE_DIR_PATH}/Podfile.lock\" \"${PODS_ROOT}/Manifest.lock\" > /dev/null\nif [ $? != 0 ] ; then\n    # print error to STDERR\n    echo \"error: The sandbox is not in sync with the Podfile.lock. Run 'pod install' or update your CocoaPods installation.\" >&2\n    exit 1\nfi\n# This output is used by Xcode 'outputs' to avoid re-running this script phase.\necho \"SUCCESS\" > \"${SCRIPT_OUTPUT_FILE_0}\"\n";
			showEnvVarsInLog = 0;
		};
		814736C920EB210963033C9D /* [CP] Copy Pods Resources */ = {
			isa = PBXShellScriptBuildPhase;
			buildActionMask = 2147483647;
			files = (
			);
			inputFileListPaths = (
				"${PODS_ROOT}/Target Support Files/Pods-Tudu_UI/Pods-Tudu_UI-resources-${CONFIGURATION}-input-files.xcfilelist",
			);
			name = "[CP] Copy Pods Resources";
			outputFileListPaths = (
				"${PODS_ROOT}/Target Support Files/Pods-Tudu_UI/Pods-Tudu_UI-resources-${CONFIGURATION}-output-files.xcfilelist",
			);
			runOnlyForDeploymentPostprocessing = 0;
			shellPath = /bin/sh;
			shellScript = "\"${PODS_ROOT}/Target Support Files/Pods-Tudu_UI/Pods-Tudu_UI-resources.sh\"\n";
			showEnvVarsInLog = 0;
		};
		960DBE9A16D113996C23760B /* [CP] Embed Pods Frameworks */ = {
			isa = PBXShellScriptBuildPhase;
			buildActionMask = 2147483647;
			files = (
			);
			inputFileListPaths = (
				"${PODS_ROOT}/Target Support Files/Pods-Tudu_UI-Tudu_UIUITests/Pods-Tudu_UI-Tudu_UIUITests-frameworks-${CONFIGURATION}-input-files.xcfilelist",
			);
			name = "[CP] Embed Pods Frameworks";
			outputFileListPaths = (
				"${PODS_ROOT}/Target Support Files/Pods-Tudu_UI-Tudu_UIUITests/Pods-Tudu_UI-Tudu_UIUITests-frameworks-${CONFIGURATION}-output-files.xcfilelist",
			);
			runOnlyForDeploymentPostprocessing = 0;
			shellPath = /bin/sh;
			shellScript = "\"${PODS_ROOT}/Target Support Files/Pods-Tudu_UI-Tudu_UIUITests/Pods-Tudu_UI-Tudu_UIUITests-frameworks.sh\"\n";
			showEnvVarsInLog = 0;
		};
		F942785BCCF62B4FAFADA269 /* [CP] Embed Pods Frameworks */ = {
			isa = PBXShellScriptBuildPhase;
			buildActionMask = 2147483647;
			files = (
			);
			inputFileListPaths = (
				"${PODS_ROOT}/Target Support Files/Pods-Tudu_UI/Pods-Tudu_UI-frameworks-${CONFIGURATION}-input-files.xcfilelist",
			);
			name = "[CP] Embed Pods Frameworks";
			outputFileListPaths = (
				"${PODS_ROOT}/Target Support Files/Pods-Tudu_UI/Pods-Tudu_UI-frameworks-${CONFIGURATION}-output-files.xcfilelist",
			);
			runOnlyForDeploymentPostprocessing = 0;
			shellPath = /bin/sh;
			shellScript = "\"${PODS_ROOT}/Target Support Files/Pods-Tudu_UI/Pods-Tudu_UI-frameworks.sh\"\n";
			showEnvVarsInLog = 0;
		};
/* End PBXShellScriptBuildPhase section */

/* Begin PBXSourcesBuildPhase section */
		DC82B50127C0CE2600EDAEA0 /* Sources */ = {
			isa = PBXSourcesBuildPhase;
			buildActionMask = 2147483647;
			files = (
				DCCA1A9627CDF05D001A1B12 /* RegisterViewController.swift in Sources */,
				DC82B50D27C0CE2700EDAEA0 /* ViewController.swift in Sources */,
				DC4628D427C15338006EFAB1 /* buttonXib.swift in Sources */,
				DC8C0B1327D0686B0077D403 /* TextField.swift in Sources */,
				DC4628E927C1677B006EFAB1 /* BtnGoogle.swift in Sources */,
				DCCA1A9127CDC9A8001A1B12 /* HomeViewController.swift in Sources */,
				DC4628E327C15ADD006EFAB1 /* BtnCreate.swift in Sources */,
				DC82B50927C0CE2700EDAEA0 /* AppDelegate.swift in Sources */,
				DC82B50B27C0CE2700EDAEA0 /* SceneDelegate.swift in Sources */,
				DC82B51327C0CE2700EDAEA0 /* Tudu_UI.xcdatamodeld in Sources */,
			);
			runOnlyForDeploymentPostprocessing = 0;
		};
		DC82B51A27C0CE2A00EDAEA0 /* Sources */ = {
			isa = PBXSourcesBuildPhase;
			buildActionMask = 2147483647;
			files = (
				DC82B52327C0CE2A00EDAEA0 /* Tudu_UITests.swift in Sources */,
			);
			runOnlyForDeploymentPostprocessing = 0;
		};
		DC82B52527C0CE2A00EDAEA0 /* Sources */ = {
			isa = PBXSourcesBuildPhase;
			buildActionMask = 2147483647;
			files = (
				DC82B52E27C0CE2A00EDAEA0 /* Tudu_UIUITests.swift in Sources */,
			);
			runOnlyForDeploymentPostprocessing = 0;
		};
/* End PBXSourcesBuildPhase section */

/* Begin PBXTargetDependency section */
		DC82B52027C0CE2A00EDAEA0 /* PBXTargetDependency */ = {
			isa = PBXTargetDependency;
			target = DC82B50427C0CE2600EDAEA0 /* Tudu_UI */;
			targetProxy = DC82B51F27C0CE2A00EDAEA0 /* PBXContainerItemProxy */;
		};
		DC82B52B27C0CE2A00EDAEA0 /* PBXTargetDependency */ = {
			isa = PBXTargetDependency;
			target = DC82B50427C0CE2600EDAEA0 /* Tudu_UI */;
			targetProxy = DC82B52A27C0CE2A00EDAEA0 /* PBXContainerItemProxy */;
		};
/* End PBXTargetDependency section */

/* Begin PBXVariantGroup section */
		DC82B50E27C0CE2700EDAEA0 /* Main.storyboard */ = {
			isa = PBXVariantGroup;
			children = (
				DC82B50F27C0CE2700EDAEA0 /* Base */,
			);
			name = Main.storyboard;
			sourceTree = "<group>";
		};
		DC82B51627C0CE2A00EDAEA0 /* LaunchScreen.storyboard */ = {
			isa = PBXVariantGroup;
			children = (
				DC82B51727C0CE2A00EDAEA0 /* Base */,
			);
			name = LaunchScreen.storyboard;
			sourceTree = "<group>";
		};
/* End PBXVariantGroup section */

/* Begin XCBuildConfiguration section */
		DC82B53027C0CE2A00EDAEA0 /* Debug */ = {
			isa = XCBuildConfiguration;
			buildSettings = {
				ALWAYS_SEARCH_USER_PATHS = NO;
				CLANG_ANALYZER_NONNULL = YES;
				CLANG_ANALYZER_NUMBER_OBJECT_CONVERSION = YES_AGGRESSIVE;
				CLANG_CXX_LANGUAGE_STANDARD = "gnu++14";
				CLANG_CXX_LIBRARY = "libc++";
				CLANG_ENABLE_MODULES = YES;
				CLANG_ENABLE_OBJC_ARC = YES;
				CLANG_ENABLE_OBJC_WEAK = YES;
				CLANG_WARN_BLOCK_CAPTURE_AUTORELEASING = YES;
				CLANG_WARN_BOOL_CONVERSION = YES;
				CLANG_WARN_COMMA = YES;
				CLANG_WARN_CONSTANT_CONVERSION = YES;
				CLANG_WARN_DEPRECATED_OBJC_IMPLEMENTATIONS = YES;
				CLANG_WARN_DIRECT_OBJC_ISA_USAGE = YES_ERROR;
				CLANG_WARN_DOCUMENTATION_COMMENTS = YES;
				CLANG_WARN_EMPTY_BODY = YES;
				CLANG_WARN_ENUM_CONVERSION = YES;
				CLANG_WARN_INFINITE_RECURSION = YES;
				CLANG_WARN_INT_CONVERSION = YES;
				CLANG_WARN_NON_LITERAL_NULL_CONVERSION = YES;
				CLANG_WARN_OBJC_IMPLICIT_RETAIN_SELF = YES;
				CLANG_WARN_OBJC_LITERAL_CONVERSION = YES;
				CLANG_WARN_OBJC_ROOT_CLASS = YES_ERROR;
				CLANG_WARN_QUOTED_INCLUDE_IN_FRAMEWORK_HEADER = YES;
				CLANG_WARN_RANGE_LOOP_ANALYSIS = YES;
				CLANG_WARN_STRICT_PROTOTYPES = YES;
				CLANG_WARN_SUSPICIOUS_MOVE = YES;
				CLANG_WARN_UNGUARDED_AVAILABILITY = YES_AGGRESSIVE;
				CLANG_WARN_UNREACHABLE_CODE = YES;
				CLANG_WARN__DUPLICATE_METHOD_MATCH = YES;
				COPY_PHASE_STRIP = NO;
				DEBUG_INFORMATION_FORMAT = dwarf;
				ENABLE_STRICT_OBJC_MSGSEND = YES;
				ENABLE_TESTABILITY = YES;
				GCC_C_LANGUAGE_STANDARD = gnu11;
				GCC_DYNAMIC_NO_PIC = NO;
				GCC_NO_COMMON_BLOCKS = YES;
				GCC_OPTIMIZATION_LEVEL = 0;
				GCC_PREPROCESSOR_DEFINITIONS = (
					"DEBUG=1",
					"$(inherited)",
				);
				GCC_WARN_64_TO_32_BIT_CONVERSION = YES;
				GCC_WARN_ABOUT_RETURN_TYPE = YES_ERROR;
				GCC_WARN_UNDECLARED_SELECTOR = YES;
				GCC_WARN_UNINITIALIZED_AUTOS = YES_AGGRESSIVE;
				GCC_WARN_UNUSED_FUNCTION = YES;
				GCC_WARN_UNUSED_VARIABLE = YES;
				IPHONEOS_DEPLOYMENT_TARGET = 14.4;
				MTL_ENABLE_DEBUG_INFO = INCLUDE_SOURCE;
				MTL_FAST_MATH = YES;
				ONLY_ACTIVE_ARCH = YES;
				SDKROOT = iphoneos;
				SWIFT_ACTIVE_COMPILATION_CONDITIONS = DEBUG;
				SWIFT_OPTIMIZATION_LEVEL = "-Onone";
			};
			name = Debug;
		};
		DC82B53127C0CE2A00EDAEA0 /* Release */ = {
			isa = XCBuildConfiguration;
			buildSettings = {
				ALWAYS_SEARCH_USER_PATHS = NO;
				CLANG_ANALYZER_NONNULL = YES;
				CLANG_ANALYZER_NUMBER_OBJECT_CONVERSION = YES_AGGRESSIVE;
				CLANG_CXX_LANGUAGE_STANDARD = "gnu++14";
				CLANG_CXX_LIBRARY = "libc++";
				CLANG_ENABLE_MODULES = YES;
				CLANG_ENABLE_OBJC_ARC = YES;
				CLANG_ENABLE_OBJC_WEAK = YES;
				CLANG_WARN_BLOCK_CAPTURE_AUTORELEASING = YES;
				CLANG_WARN_BOOL_CONVERSION = YES;
				CLANG_WARN_COMMA = YES;
				CLANG_WARN_CONSTANT_CONVERSION = YES;
				CLANG_WARN_DEPRECATED_OBJC_IMPLEMENTATIONS = YES;
				CLANG_WARN_DIRECT_OBJC_ISA_USAGE = YES_ERROR;
				CLANG_WARN_DOCUMENTATION_COMMENTS = YES;
				CLANG_WARN_EMPTY_BODY = YES;
				CLANG_WARN_ENUM_CONVERSION = YES;
				CLANG_WARN_INFINITE_RECURSION = YES;
				CLANG_WARN_INT_CONVERSION = YES;
				CLANG_WARN_NON_LITERAL_NULL_CONVERSION = YES;
				CLANG_WARN_OBJC_IMPLICIT_RETAIN_SELF = YES;
				CLANG_WARN_OBJC_LITERAL_CONVERSION = YES;
				CLANG_WARN_OBJC_ROOT_CLASS = YES_ERROR;
				CLANG_WARN_QUOTED_INCLUDE_IN_FRAMEWORK_HEADER = YES;
				CLANG_WARN_RANGE_LOOP_ANALYSIS = YES;
				CLANG_WARN_STRICT_PROTOTYPES = YES;
				CLANG_WARN_SUSPICIOUS_MOVE = YES;
				CLANG_WARN_UNGUARDED_AVAILABILITY = YES_AGGRESSIVE;
				CLANG_WARN_UNREACHABLE_CODE = YES;
				CLANG_WARN__DUPLICATE_METHOD_MATCH = YES;
				COPY_PHASE_STRIP = NO;
				DEBUG_INFORMATION_FORMAT = "dwarf-with-dsym";
				ENABLE_NS_ASSERTIONS = NO;
				ENABLE_STRICT_OBJC_MSGSEND = YES;
				GCC_C_LANGUAGE_STANDARD = gnu11;
				GCC_NO_COMMON_BLOCKS = YES;
				GCC_WARN_64_TO_32_BIT_CONVERSION = YES;
				GCC_WARN_ABOUT_RETURN_TYPE = YES_ERROR;
				GCC_WARN_UNDECLARED_SELECTOR = YES;
				GCC_WARN_UNINITIALIZED_AUTOS = YES_AGGRESSIVE;
				GCC_WARN_UNUSED_FUNCTION = YES;
				GCC_WARN_UNUSED_VARIABLE = YES;
				IPHONEOS_DEPLOYMENT_TARGET = 14.4;
				MTL_ENABLE_DEBUG_INFO = NO;
				MTL_FAST_MATH = YES;
				SDKROOT = iphoneos;
				SWIFT_COMPILATION_MODE = wholemodule;
				SWIFT_OPTIMIZATION_LEVEL = "-O";
				VALIDATE_PRODUCT = YES;
			};
			name = Release;
		};
		DC82B53327C0CE2A00EDAEA0 /* Debug */ = {
			isa = XCBuildConfiguration;
			baseConfigurationReference = FB359D37A3FA49A045E8D34C /* Pods-Tudu_UI.debug.xcconfig */;
			buildSettings = {
				ASSETCATALOG_COMPILER_APPICON_NAME = AppIcon;
				ASSETCATALOG_COMPILER_GLOBAL_ACCENT_COLOR_NAME = AccentColor;
				CODE_SIGN_STYLE = Automatic;
				DEVELOPMENT_TEAM = 63U9NC25XJ;
				INFOPLIST_FILE = Tudu_UI/Info.plist;
				LD_RUNPATH_SEARCH_PATHS = (
					"$(inherited)",
					"@executable_path/Frameworks",
				);
				PRODUCT_BUNDLE_IDENTIFIER = "Abdullah.Tudu-UI";
				PRODUCT_NAME = "$(TARGET_NAME)";
				SWIFT_VERSION = 5.0;
				TARGETED_DEVICE_FAMILY = "1,2";
			};
			name = Debug;
		};
		DC82B53427C0CE2A00EDAEA0 /* Release */ = {
			isa = XCBuildConfiguration;
			baseConfigurationReference = FEE0FC1DBFB5AF5C3B546C06 /* Pods-Tudu_UI.release.xcconfig */;
			buildSettings = {
				ASSETCATALOG_COMPILER_APPICON_NAME = AppIcon;
				ASSETCATALOG_COMPILER_GLOBAL_ACCENT_COLOR_NAME = AccentColor;
				CODE_SIGN_STYLE = Automatic;
				DEVELOPMENT_TEAM = 63U9NC25XJ;
				INFOPLIST_FILE = Tudu_UI/Info.plist;
				LD_RUNPATH_SEARCH_PATHS = (
					"$(inherited)",
					"@executable_path/Frameworks",
				);
				PRODUCT_BUNDLE_IDENTIFIER = "Abdullah.Tudu-UI";
				PRODUCT_NAME = "$(TARGET_NAME)";
				SWIFT_VERSION = 5.0;
				TARGETED_DEVICE_FAMILY = "1,2";
			};
			name = Release;
		};
		DC82B53627C0CE2A00EDAEA0 /* Debug */ = {
			isa = XCBuildConfiguration;
			baseConfigurationReference = AC88B47EE7D98B03B19546D3 /* Pods-Tudu_UITests.debug.xcconfig */;
			buildSettings = {
				ALWAYS_EMBED_SWIFT_STANDARD_LIBRARIES = YES;
				BUNDLE_LOADER = "$(TEST_HOST)";
				CODE_SIGN_STYLE = Automatic;
				DEVELOPMENT_TEAM = 63U9NC25XJ;
				INFOPLIST_FILE = Tudu_UITests/Info.plist;
				IPHONEOS_DEPLOYMENT_TARGET = 14.4;
				LD_RUNPATH_SEARCH_PATHS = (
					"$(inherited)",
					"@executable_path/Frameworks",
					"@loader_path/Frameworks",
				);
				PRODUCT_BUNDLE_IDENTIFIER = "Abdullah.Tudu-UITests";
				PRODUCT_NAME = "$(TARGET_NAME)";
				SWIFT_VERSION = 5.0;
				TARGETED_DEVICE_FAMILY = "1,2";
				TEST_HOST = "$(BUILT_PRODUCTS_DIR)/Tudu_UI.app/Tudu_UI";
			};
			name = Debug;
		};
		DC82B53727C0CE2A00EDAEA0 /* Release */ = {
			isa = XCBuildConfiguration;
			baseConfigurationReference = EE2F5E8B0970D920886C1671 /* Pods-Tudu_UITests.release.xcconfig */;
			buildSettings = {
				ALWAYS_EMBED_SWIFT_STANDARD_LIBRARIES = YES;
				BUNDLE_LOADER = "$(TEST_HOST)";
				CODE_SIGN_STYLE = Automatic;
				DEVELOPMENT_TEAM = 63U9NC25XJ;
				INFOPLIST_FILE = Tudu_UITests/Info.plist;
				IPHONEOS_DEPLOYMENT_TARGET = 14.4;
				LD_RUNPATH_SEARCH_PATHS = (
					"$(inherited)",
					"@executable_path/Frameworks",
					"@loader_path/Frameworks",
				);
				PRODUCT_BUNDLE_IDENTIFIER = "Abdullah.Tudu-UITests";
				PRODUCT_NAME = "$(TARGET_NAME)";
				SWIFT_VERSION = 5.0;
				TARGETED_DEVICE_FAMILY = "1,2";
				TEST_HOST = "$(BUILT_PRODUCTS_DIR)/Tudu_UI.app/Tudu_UI";
			};
			name = Release;
		};
		DC82B53927C0CE2A00EDAEA0 /* Debug */ = {
			isa = XCBuildConfiguration;
			baseConfigurationReference = EEAECFECC679F93C519751D6 /* Pods-Tudu_UI-Tudu_UIUITests.debug.xcconfig */;
			buildSettings = {
				ALWAYS_EMBED_SWIFT_STANDARD_LIBRARIES = YES;
				CODE_SIGN_STYLE = Automatic;
				DEVELOPMENT_TEAM = 63U9NC25XJ;
				INFOPLIST_FILE = Tudu_UIUITests/Info.plist;
				LD_RUNPATH_SEARCH_PATHS = (
					"$(inherited)",
					"@executable_path/Frameworks",
					"@loader_path/Frameworks",
				);
				PRODUCT_BUNDLE_IDENTIFIER = "Abdullah.Tudu-UIUITests";
				PRODUCT_NAME = "$(TARGET_NAME)";
				SWIFT_VERSION = 5.0;
				TARGETED_DEVICE_FAMILY = "1,2";
				TEST_TARGET_NAME = Tudu_UI;
			};
			name = Debug;
		};
		DC82B53A27C0CE2A00EDAEA0 /* Release */ = {
			isa = XCBuildConfiguration;
			baseConfigurationReference = CC81950C665C6592CCF6251A /* Pods-Tudu_UI-Tudu_UIUITests.release.xcconfig */;
			buildSettings = {
				ALWAYS_EMBED_SWIFT_STANDARD_LIBRARIES = YES;
				CODE_SIGN_STYLE = Automatic;
				DEVELOPMENT_TEAM = 63U9NC25XJ;
				INFOPLIST_FILE = Tudu_UIUITests/Info.plist;
				LD_RUNPATH_SEARCH_PATHS = (
					"$(inherited)",
					"@executable_path/Frameworks",
					"@loader_path/Frameworks",
				);
				PRODUCT_BUNDLE_IDENTIFIER = "Abdullah.Tudu-UIUITests";
				PRODUCT_NAME = "$(TARGET_NAME)";
				SWIFT_VERSION = 5.0;
				TARGETED_DEVICE_FAMILY = "1,2";
				TEST_TARGET_NAME = Tudu_UI;
			};
			name = Release;
		};
/* End XCBuildConfiguration section */

/* Begin XCConfigurationList section */
		DC82B50027C0CE2600EDAEA0 /* Build configuration list for PBXProject "Tudu_UI" */ = {
			isa = XCConfigurationList;
			buildConfigurations = (
				DC82B53027C0CE2A00EDAEA0 /* Debug */,
				DC82B53127C0CE2A00EDAEA0 /* Release */,
			);
			defaultConfigurationIsVisible = 0;
			defaultConfigurationName = Release;
		};
		DC82B53227C0CE2A00EDAEA0 /* Build configuration list for PBXNativeTarget "Tudu_UI" */ = {
			isa = XCConfigurationList;
			buildConfigurations = (
				DC82B53327C0CE2A00EDAEA0 /* Debug */,
				DC82B53427C0CE2A00EDAEA0 /* Release */,
			);
			defaultConfigurationIsVisible = 0;
			defaultConfigurationName = Release;
		};
		DC82B53527C0CE2A00EDAEA0 /* Build configuration list for PBXNativeTarget "Tudu_UITests" */ = {
			isa = XCConfigurationList;
			buildConfigurations = (
				DC82B53627C0CE2A00EDAEA0 /* Debug */,
				DC82B53727C0CE2A00EDAEA0 /* Release */,
			);
			defaultConfigurationIsVisible = 0;
			defaultConfigurationName = Release;
		};
		DC82B53827C0CE2A00EDAEA0 /* Build configuration list for PBXNativeTarget "Tudu_UIUITests" */ = {
			isa = XCConfigurationList;
			buildConfigurations = (
				DC82B53927C0CE2A00EDAEA0 /* Debug */,
				DC82B53A27C0CE2A00EDAEA0 /* Release */,
			);
			defaultConfigurationIsVisible = 0;
			defaultConfigurationName = Release;
		};
/* End XCConfigurationList section */

/* Begin XCVersionGroup section */
		DC82B51127C0CE2700EDAEA0 /* Tudu_UI.xcdatamodeld */ = {
			isa = XCVersionGroup;
			children = (
				DC82B51227C0CE2700EDAEA0 /* Tudu_UI.xcdatamodel */,
			);
			currentVersion = DC82B51227C0CE2700EDAEA0 /* Tudu_UI.xcdatamodel */;
			path = Tudu_UI.xcdatamodeld;
			sourceTree = "<group>";
			versionGroupType = wrapper.xcdatamodel;
		};
/* End XCVersionGroup section */
	};
	rootObject = DC82B4FD27C0CE2600EDAEA0 /* Project object */;
}
